
Microsoft Visual Studio Solution File, Format Version 12.00
# Visual Studio Version 16
VisualStudioVersion = 16.0.29318.209
MinimumVisualStudioVersion = 10.0.40219.1
Project("{9A19103F-16F7-4668-BE54-9A1E7A4F7556}") = "DYTA", "DYTA\DYTA.csproj", "{A9E88982-59B1-456B-913A-8420648F3483}"
EndProject
Project("{9A19103F-16F7-4668-BE54-9A1E7A4F7556}") = "Sandbox", "Sandbox\Sandbox.csproj", "{DC69C619-9CF5-40D8-97F0-C9EFFC3E2A23}"
EndProject
Project("{9A19103F-16F7-4668-BE54-9A1E7A4F7556}") = "DYTATests", "DYTATests\DYTATests.csproj", "{7C702861-6765-48C7-B419-22CECFF2084A}"
EndProject
Project("{FAE04EC0-301F-11D3-BF4B-00C04F79EFBC}") = "Snake", "Snake\Snake.csproj", "{3627E704-E458-457C-8EB8-4166E72DFD25}"
EndProject
Global
	GlobalSection(SolutionConfigurationPlatforms) = preSolution
		Debug|Any CPU = Debug|Any CPU
		Release|Any CPU = Release|Any CPU
	EndGlobalSection
	GlobalSection(ProjectConfigurationPlatforms) = postSolution
		{A9E88982-59B1-456B-913A-8420648F3483}.Debug|Any CPU.ActiveCfg = Debug|Any CPU
		{A9E88982-59B1-456B-913A-8420648F3483}.Debug|Any CPU.Build.0 = Debug|Any CPU
		{A9E88982-59B1-456B-913A-8420648F3483}.Release|Any CPU.ActiveCfg = Release|Any CPU
		{A9E88982-59B1-456B-913A-8420648F3483}.Release|Any CPU.Build.0 = Release|Any CPU
		{DC69C619-9CF5-40D8-97F0-C9EFFC3E2A23}.Debug|Any CPU.ActiveCfg = Debug|Any CPU
		{DC69C619-9CF5-40D8-97F0-C9EFFC3E2A23}.Debug|Any CPU.Build.0 = Debug|Any CPU
		{DC69C619-9CF5-40D8-97F0-C9EFFC3E2A23}.Release|Any CPU.ActiveCfg = Release|Any CPU
		{DC69C619-9CF5-40D8-97F0-C9EFFC3E2A23}.Release|Any CPU.Build.0 = Release|Any CPU
		{7C702861-6765-48C7-B419-22CECFF2084A}.Debug|Any CPU.ActiveCfg = Debug|Any CPU
		{7C702861-6765-48C7-B419-22CECFF2084A}.Debug|Any CPU.Build.0 = Debug|Any CPU
		{7C702861-6765-48C7-B419-22CECFF2084A}.Release|Any CPU.ActiveCfg = Release|Any CPU
		{7C702861-6765-48C7-B419-22CECFF2084A}.Release|Any CPU.Build.0 = Release|Any CPU
		{3627E704-E458-457C-8EB8-4166E72DFD25}.Debug|Any CPU.ActiveCfg = Debug|Any CPU
		{3627E704-E458-457C-8EB8-4166E72DFD25}.Debug|Any CPU.Build.0 = Debug|Any CPU
		{3627E704-E458-457C-8EB8-4166E72DFD25}.Release|Any CPU.ActiveCfg = Release|Any CPU
		{3627E704-E458-457C-8EB8-4166E72DFD25}.Release|Any CPU.Build.0 = Release|Any CPU
	EndGlobalSection
	GlobalSection(SolutionProperties) = preSolution
		HideSolutionNode = FALSE
	EndGlobalSection
	GlobalSection(ExtensibilityGlobals) = postSolution
		SolutionGuid = {D9A2B4B7-4CF4-4896-BE3F-E4D1AF1416C2}
	EndGlobalSection
EndGlobal
